
Microsoft Visual Studio Solution File, Format Version 12.00
# Visual Studio Version 16
VisualStudioVersion = 16.0.31129.286
MinimumVisualStudioVersion = 10.0.40219.1
Project("{FAE04EC0-301F-11D3-BF4B-00C04F79EFBC}") = "FireInsurance.Service", "FireInsurance.Service\FireInsurance.Service.csproj", "{4071C4B0-234F-4A58-B27D-E60E54389D84}"
EndProject
Project("{FAE04EC0-301F-11D3-BF4B-00C04F79EFBC}") = "FireInsurance.Repository", "FireInsurance.Repository\FireInsurance.Repository.csproj", "{DDB03497-1B70-461B-9ADB-576A7C74B247}"
EndProject
Project("{FAE04EC0-301F-11D3-BF4B-00C04F79EFBC}") = "FireInsurance.Core", "FireInsurance.Core\FireInsurance.Core.csproj", "{C6D96F50-7061-42E5-8D19-FB745D439C4B}"
EndProject
Project("{FAE04EC0-301F-11D3-BF4B-00C04F79EFBC}") = "FireInsurance.Data", "FireInsurance.Data\FireInsurance.Data.csproj", "{3DDD7C40-138C-4183-A030-44B0A91E1EC8}"
EndProject
Project("{FAE04EC0-301F-11D3-BF4B-00C04F79EFBC}") = "FireInsurance.Web", "FireInsurance.Web\FireInsurance.Web.csproj", "{C4182A76-5B75-4D41-A2C0-E6B0D436BC1F}"
EndProject
Global
	GlobalSection(SolutionConfigurationPlatforms) = preSolution
		Debug|Any CPU = Debug|Any CPU
		Release|Any CPU = Release|Any CPU
	EndGlobalSection
	GlobalSection(ProjectConfigurationPlatforms) = postSolution
		{4071C4B0-234F-4A58-B27D-E60E54389D84}.Debug|Any CPU.ActiveCfg = Debug|Any CPU
		{4071C4B0-234F-4A58-B27D-E60E54389D84}.Debug|Any CPU.Build.0 = Debug|Any CPU
		{4071C4B0-234F-4A58-B27D-E60E54389D84}.Release|Any CPU.ActiveCfg = Release|Any CPU
		{4071C4B0-234F-4A58-B27D-E60E54389D84}.Release|Any CPU.Build.0 = Release|Any CPU
		{DDB03497-1B70-461B-9ADB-576A7C74B247}.Debug|Any CPU.ActiveCfg = Debug|Any CPU
		{DDB03497-1B70-461B-9ADB-576A7C74B247}.Debug|Any CPU.Build.0 = Debug|Any CPU
		{DDB03497-1B70-461B-9ADB-576A7C74B247}.Release|Any CPU.ActiveCfg = Release|Any CPU
		{DDB03497-1B70-461B-9ADB-576A7C74B247}.Release|Any CPU.Build.0 = Release|Any CPU
		{C6D96F50-7061-42E5-8D19-FB745D439C4B}.Debug|Any CPU.ActiveCfg = Debug|Any CPU
		{C6D96F50-7061-42E5-8D19-FB745D439C4B}.Debug|Any CPU.Build.0 = Debug|Any CPU
		{C6D96F50-7061-42E5-8D19-FB745D439C4B}.Release|Any CPU.ActiveCfg = Release|Any CPU
		{C6D96F50-7061-42E5-8D19-FB745D439C4B}.Release|Any CPU.Build.0 = Release|Any CPU
		{3DDD7C40-138C-4183-A030-44B0A91E1EC8}.Debug|Any CPU.ActiveCfg = Debug|Any CPU
		{3DDD7C40-138C-4183-A030-44B0A91E1EC8}.Debug|Any CPU.Build.0 = Debug|Any CPU
		{3DDD7C40-138C-4183-A030-44B0A91E1EC8}.Release|Any CPU.ActiveCfg = Release|Any CPU
		{3DDD7C40-138C-4183-A030-44B0A91E1EC8}.Release|Any CPU.Build.0 = Release|Any CPU
		{C4182A76-5B75-4D41-A2C0-E6B0D436BC1F}.Debug|Any CPU.ActiveCfg = Debug|Any CPU
		{C4182A76-5B75-4D41-A2C0-E6B0D436BC1F}.Debug|Any CPU.Build.0 = Debug|Any CPU
		{C4182A76-5B75-4D41-A2C0-E6B0D436BC1F}.Release|Any CPU.ActiveCfg = Release|Any CPU
		{C4182A76-5B75-4D41-A2C0-E6B0D436BC1F}.Release|Any CPU.Build.0 = Release|Any CPU
	EndGlobalSection
	GlobalSection(SolutionProperties) = preSolution
		HideSolutionNode = FALSE
	EndGlobalSection
	GlobalSection(ExtensibilityGlobals) = postSolution
		SolutionGuid = {49B297A3-1600-41C6-A357-65EBDC89884A}
	EndGlobalSection
EndGlobal
